
Microsoft Visual Studio Solution File, Format Version 12.00
# Visual Studio Version 17
VisualStudioVersion = 17.4.33213.308
MinimumVisualStudioVersion = 10.0.40219.1
Project("{FAE04EC0-301F-11D3-BF4B-00C04F79EFBC}") = "Calculator", "Calculator\Calculator.csproj", "{FCCC11CF-C6D0-4131-B36C-20BB8124629E}"
EndProject
Global
	GlobalSection(SolutionConfigurationPlatforms) = preSolution
		Debug|Any CPU = Debug|Any CPU
		Release|Any CPU = Release|Any CPU
	EndGlobalSection
	GlobalSection(ProjectConfigurationPlatforms) = postSolution
		{FCCC11CF-C6D0-4131-B36C-20BB8124629E}.Debug|Any CPU.ActiveCfg = Debug|Any CPU
		{FCCC11CF-C6D0-4131-B36C-20BB8124629E}.Debug|Any CPU.Build.0 = Debug|Any CPU
		{FCCC11CF-C6D0-4131-B36C-20BB8124629E}.Release|Any CPU.ActiveCfg = Release|Any CPU
		{FCCC11CF-C6D0-4131-B36C-20BB8124629E}.Release|Any CPU.Build.0 = Release|Any CPU
	EndGlobalSection
	GlobalSection(SolutionProperties) = preSolution
		HideSolutionNode = FALSE
	EndGlobalSection
	GlobalSection(ExtensibilityGlobals) = postSolution
		SolutionGuid = {23179F6E-72FA-4EFF-8052-C892B53BC5E2}
	EndGlobalSection
EndGlobal
